
Microsoft Visual Studio Solution File, Format Version 12.00
# Visual Studio 2015
Project("{FAE04EC0-301F-11D3-BF4B-00C04F79EFBC}") = "SotsuPro", "SotsuPro.csproj", "{E7CADCC6-D8C4-68D1-AFB9-C8D75D341013}"
EndProject
Project("{FAE04EC0-301F-11D3-BF4B-00C04F79EFBC}") = "SotsuPro.Editor", "SotsuPro.Editor.csproj", "{F56DAF11-8A9B-12A9-85A6-BD55692A1245}"
EndProject
Global
	GlobalSection(SolutionConfigurationPlatforms) = preSolution
		Debug|Any CPU = Debug|Any CPU
		Release|Any CPU = Release|Any CPU
	EndGlobalSection
	GlobalSection(ProjectConfigurationPlatforms) = postSolution
		{E7CADCC6-D8C4-68D1-AFB9-C8D75D341013}.Debug|Any CPU.ActiveCfg = Debug|Any CPU
		{E7CADCC6-D8C4-68D1-AFB9-C8D75D341013}.Debug|Any CPU.Build.0 = Debug|Any CPU
		{E7CADCC6-D8C4-68D1-AFB9-C8D75D341013}.Release|Any CPU.ActiveCfg = Release|Any CPU
		{E7CADCC6-D8C4-68D1-AFB9-C8D75D341013}.Release|Any CPU.Build.0 = Release|Any CPU
		{F56DAF11-8A9B-12A9-85A6-BD55692A1245}.Debug|Any CPU.ActiveCfg = Debug|Any CPU
		{F56DAF11-8A9B-12A9-85A6-BD55692A1245}.Debug|Any CPU.Build.0 = Debug|Any CPU
		{F56DAF11-8A9B-12A9-85A6-BD55692A1245}.Release|Any CPU.ActiveCfg = Release|Any CPU
		{F56DAF11-8A9B-12A9-85A6-BD55692A1245}.Release|Any CPU.Build.0 = Release|Any CPU
	EndGlobalSection
	GlobalSection(SolutionProperties) = preSolution
		HideSolutionNode = FALSE
	EndGlobalSection
EndGlobal
